Microsoft Visual Studio Solution File, Format Version 11.00
# Visual Studio 2008

Project("{B4FB12C1-76B6-7E81-30E8-2E51B95289FE}") = "Test0311", "Assembly-CSharp-firstpass.csproj", "{3442B68A-96C4-D980-9BDB-CF8EA36DC818}"
EndProject
Project("{B4FB12C1-76B6-7E81-30E8-2E51B95289FE}") = "Test0311", "Assembly-CSharp.csproj", "{777687FA-D307-637F-EA98-E2B1C8896800}"
EndProject
Project("{B4FB12C1-76B6-7E81-30E8-2E51B95289FE}") = "Test0311", "Assembly-CSharp-Editor.csproj", "{0551BCB0-81A5-F942-BCD9-4A418267C057}"
EndProject
Global
	GlobalSection(SolutionConfigurationPlatforms) = preSolution
		Debug|Any CPU = Debug|Any CPU
		Release|Any CPU = Release|Any CPU
	EndGlobalSection
	GlobalSection(ProjectConfigurationPlatforms) = postSolution
		{3442B68A-96C4-D980-9BDB-CF8EA36DC818}.Debug|Any CPU.ActiveCfg = Debug|Any CPU
		{3442B68A-96C4-D980-9BDB-CF8EA36DC818}.Debug|Any CPU.Build.0 = Debug|Any CPU
		{3442B68A-96C4-D980-9BDB-CF8EA36DC818}.Release|Any CPU.ActiveCfg = Release|Any CPU
		{3442B68A-96C4-D980-9BDB-CF8EA36DC818}.Release|Any CPU.Build.0 = Release|Any CPU
		{777687FA-D307-637F-EA98-E2B1C8896800}.Debug|Any CPU.ActiveCfg = Debug|Any CPU
		{777687FA-D307-637F-EA98-E2B1C8896800}.Debug|Any CPU.Build.0 = Debug|Any CPU
		{777687FA-D307-637F-EA98-E2B1C8896800}.Release|Any CPU.ActiveCfg = Release|Any CPU
		{777687FA-D307-637F-EA98-E2B1C8896800}.Release|Any CPU.Build.0 = Release|Any CPU
		{0551BCB0-81A5-F942-BCD9-4A418267C057}.Debug|Any CPU.ActiveCfg = Debug|Any CPU
		{0551BCB0-81A5-F942-BCD9-4A418267C057}.Debug|Any CPU.Build.0 = Debug|Any CPU
		{0551BCB0-81A5-F942-BCD9-4A418267C057}.Release|Any CPU.ActiveCfg = Release|Any CPU
		{0551BCB0-81A5-F942-BCD9-4A418267C057}.Release|Any CPU.Build.0 = Release|Any CPU
	EndGlobalSection
	GlobalSection(SolutionProperties) = preSolution
		HideSolutionNode = FALSE
	EndGlobalSection
																			GlobalSection(MonoDevelopProperties) = preSolution
		StartupItem = Assembly-CSharp.csproj
		Policies = $0
		$0.TextStylePolicy = $1
		$1.inheritsSet = null
		$1.scope = text/x-csharp
		$0.CSharpFormattingPolicy = $2
		$2.inheritsSet = Mono
		$2.inheritsScope = text/x-csharp
		$2.scope = text/x-csharp
		$0.TextStylePolicy = $3
		$3.FileWidth = 120
		$3.TabWidth = 4
		$3.IndentWidth = 4
		$3.EolMarker = Unix
		$3.inheritsSet = Mono
		$3.inheritsScope = text/plain
		$3.scope = text/plain
	EndGlobalSection

EndGlobal
